
Microsoft Visual Studio Solution File, Format Version 12.00
# Visual Studio 15
VisualStudioVersion = 15.0.27130.2010
MinimumVisualStudioVersion = 10.0.40219.1
Project("{FAE04EC0-301F-11D3-BF4B-00C04F79EFBC}") = "DAL", "DAL\DAL.csproj", "{E5BD64BE-941B-4A10-B46F-593BB550D0A1}"
EndProject
Project("{FAE04EC0-301F-11D3-BF4B-00C04F79EFBC}") = "UnitTest", "UnitTest\UnitTest.csproj", "{C921F408-D70F-4350-9C91-FB2E555CB0C8}"
EndProject
Project("{FAE04EC0-301F-11D3-BF4B-00C04F79EFBC}") = "BL", "BL\BL.csproj", "{5F8667B0-7560-4818-A705-D65D8C509918}"
EndProject
Project("{FAE04EC0-301F-11D3-BF4B-00C04F79EFBC}") = "CustomersRegistration", "CustomersRegistration\CustomersRegistration.csproj", "{3D8E3B25-F89A-46AF-92E4-3CF3A78CD11E}"
EndProject
Project("{FAE04EC0-301F-11D3-BF4B-00C04F79EFBC}") = "Services", "Services\Services.csproj", "{3D606B2F-5F99-4530-9E1D-EF34CA21DE4A}"
EndProject
Project("{FAE04EC0-301F-11D3-BF4B-00C04F79EFBC}") = "Common", "Common\Common.csproj", "{395AF356-5637-43E2-A59F-E3E29E05D042}"
EndProject
Global
	GlobalSection(SolutionConfigurationPlatforms) = preSolution
		Debug|Any CPU = Debug|Any CPU
		Debug|ARM = Debug|ARM
		Debug|x64 = Debug|x64
		Debug|x86 = Debug|x86
		Release|Any CPU = Release|Any CPU
		Release|ARM = Release|ARM
		Release|x64 = Release|x64
		Release|x86 = Release|x86
	EndGlobalSection
	GlobalSection(ProjectConfigurationPlatforms) = postSolution
		{E5BD64BE-941B-4A10-B46F-593BB550D0A1}.Debug|Any CPU.ActiveCfg = Debug|Any CPU
		{E5BD64BE-941B-4A10-B46F-593BB550D0A1}.Debug|Any CPU.Build.0 = Debug|Any CPU
		{E5BD64BE-941B-4A10-B46F-593BB550D0A1}.Debug|ARM.ActiveCfg = Debug|Any CPU
		{E5BD64BE-941B-4A10-B46F-593BB550D0A1}.Debug|ARM.Build.0 = Debug|Any CPU
		{E5BD64BE-941B-4A10-B46F-593BB550D0A1}.Debug|x64.ActiveCfg = Debug|Any CPU
		{E5BD64BE-941B-4A10-B46F-593BB550D0A1}.Debug|x64.Build.0 = Debug|Any CPU
		{E5BD64BE-941B-4A10-B46F-593BB550D0A1}.Debug|x86.ActiveCfg = Debug|Any CPU
		{E5BD64BE-941B-4A10-B46F-593BB550D0A1}.Debug|x86.Build.0 = Debug|Any CPU
		{E5BD64BE-941B-4A10-B46F-593BB550D0A1}.Release|Any CPU.ActiveCfg = Release|Any CPU
		{E5BD64BE-941B-4A10-B46F-593BB550D0A1}.Release|Any CPU.Build.0 = Release|Any CPU
		{E5BD64BE-941B-4A10-B46F-593BB550D0A1}.Release|ARM.ActiveCfg = Release|Any CPU
		{E5BD64BE-941B-4A10-B46F-593BB550D0A1}.Release|ARM.Build.0 = Release|Any CPU
		{E5BD64BE-941B-4A10-B46F-593BB550D0A1}.Release|x64.ActiveCfg = Release|Any CPU
		{E5BD64BE-941B-4A10-B46F-593BB550D0A1}.Release|x64.Build.0 = Release|Any CPU
		{E5BD64BE-941B-4A10-B46F-593BB550D0A1}.Release|x86.ActiveCfg = Release|Any CPU
		{E5BD64BE-941B-4A10-B46F-593BB550D0A1}.Release|x86.Build.0 = Release|Any CPU
		{C921F408-D70F-4350-9C91-FB2E555CB0C8}.Debug|Any CPU.ActiveCfg = Debug|Any CPU
		{C921F408-D70F-4350-9C91-FB2E555CB0C8}.Debug|Any CPU.Build.0 = Debug|Any CPU
		{C921F408-D70F-4350-9C91-FB2E555CB0C8}.Debug|ARM.ActiveCfg = Debug|Any CPU
		{C921F408-D70F-4350-9C91-FB2E555CB0C8}.Debug|ARM.Build.0 = Debug|Any CPU
		{C921F408-D70F-4350-9C91-FB2E555CB0C8}.Debug|x64.ActiveCfg = Debug|Any CPU
		{C921F408-D70F-4350-9C91-FB2E555CB0C8}.Debug|x64.Build.0 = Debug|Any CPU
		{C921F408-D70F-4350-9C91-FB2E555CB0C8}.Debug|x86.ActiveCfg = Debug|Any CPU
		{C921F408-D70F-4350-9C91-FB2E555CB0C8}.Debug|x86.Build.0 = Debug|Any CPU
		{C921F408-D70F-4350-9C91-FB2E555CB0C8}.Release|Any CPU.ActiveCfg = Release|Any CPU
		{C921F408-D70F-4350-9C91-FB2E555CB0C8}.Release|Any CPU.Build.0 = Release|Any CPU
		{C921F408-D70F-4350-9C91-FB2E555CB0C8}.Release|ARM.ActiveCfg = Release|Any CPU
		{C921F408-D70F-4350-9C91-FB2E555CB0C8}.Release|ARM.Build.0 = Release|Any CPU
		{C921F408-D70F-4350-9C91-FB2E555CB0C8}.Release|x64.ActiveCfg = Release|Any CPU
		{C921F408-D70F-4350-9C91-FB2E555CB0C8}.Release|x64.Build.0 = Release|Any CPU
		{C921F408-D70F-4350-9C91-FB2E555CB0C8}.Release|x86.ActiveCfg = Release|Any CPU
		{C921F408-D70F-4350-9C91-FB2E555CB0C8}.Release|x86.Build.0 = Release|Any CPU
		{5F8667B0-7560-4818-A705-D65D8C509918}.Debug|Any CPU.ActiveCfg = Debug|Any CPU
		{5F8667B0-7560-4818-A705-D65D8C509918}.Debug|Any CPU.Build.0 = Debug|Any CPU
		{5F8667B0-7560-4818-A705-D65D8C509918}.Debug|ARM.ActiveCfg = Debug|Any CPU
		{5F8667B0-7560-4818-A705-D65D8C509918}.Debug|ARM.Build.0 = Debug|Any CPU
		{5F8667B0-7560-4818-A705-D65D8C509918}.Debug|x64.ActiveCfg = Debug|Any CPU
		{5F8667B0-7560-4818-A705-D65D8C509918}.Debug|x64.Build.0 = Debug|Any CPU
		{5F8667B0-7560-4818-A705-D65D8C509918}.Debug|x86.ActiveCfg = Debug|Any CPU
		{5F8667B0-7560-4818-A705-D65D8C509918}.Debug|x86.Build.0 = Debug|Any CPU
		{5F8667B0-7560-4818-A705-D65D8C509918}.Release|Any CPU.ActiveCfg = Release|Any CPU
		{5F8667B0-7560-4818-A705-D65D8C509918}.Release|Any CPU.Build.0 = Release|Any CPU
		{5F8667B0-7560-4818-A705-D65D8C509918}.Release|ARM.ActiveCfg = Release|Any CPU
		{5F8667B0-7560-4818-A705-D65D8C509918}.Release|ARM.Build.0 = Release|Any CPU
		{5F8667B0-7560-4818-A705-D65D8C509918}.Release|x64.ActiveCfg = Release|Any CPU
		{5F8667B0-7560-4818-A705-D65D8C509918}.Release|x64.Build.0 = Release|Any CPU
		{5F8667B0-7560-4818-A705-D65D8C509918}.Release|x86.ActiveCfg = Release|Any CPU
		{5F8667B0-7560-4818-A705-D65D8C509918}.Release|x86.Build.0 = Release|Any CPU
		{3D8E3B25-F89A-46AF-92E4-3CF3A78CD11E}.Debug|Any CPU.ActiveCfg = Debug|Any CPU
		{3D8E3B25-F89A-46AF-92E4-3CF3A78CD11E}.Debug|Any CPU.Build.0 = Debug|Any CPU
		{3D8E3B25-F89A-46AF-92E4-3CF3A78CD11E}.Debug|ARM.ActiveCfg = Debug|Any CPU
		{3D8E3B25-F89A-46AF-92E4-3CF3A78CD11E}.Debug|ARM.Build.0 = Debug|Any CPU
		{3D8E3B25-F89A-46AF-92E4-3CF3A78CD11E}.Debug|x64.ActiveCfg = Debug|Any CPU
		{3D8E3B25-F89A-46AF-92E4-3CF3A78CD11E}.Debug|x64.Build.0 = Debug|Any CPU
		{3D8E3B25-F89A-46AF-92E4-3CF3A78CD11E}.Debug|x86.ActiveCfg = Debug|Any CPU
		{3D8E3B25-F89A-46AF-92E4-3CF3A78CD11E}.Debug|x86.Build.0 = Debug|Any CPU
		{3D8E3B25-F89A-46AF-92E4-3CF3A78CD11E}.Release|Any CPU.ActiveCfg = Release|Any CPU
		{3D8E3B25-F89A-46AF-92E4-3CF3A78CD11E}.Release|Any CPU.Build.0 = Release|Any CPU
		{3D8E3B25-F89A-46AF-92E4-3CF3A78CD11E}.Release|ARM.ActiveCfg = Release|Any CPU
		{3D8E3B25-F89A-46AF-92E4-3CF3A78CD11E}.Release|ARM.Build.0 = Release|Any CPU
		{3D8E3B25-F89A-46AF-92E4-3CF3A78CD11E}.Release|x64.ActiveCfg = Release|Any CPU
		{3D8E3B25-F89A-46AF-92E4-3CF3A78CD11E}.Release|x64.Build.0 = Release|Any CPU
		{3D8E3B25-F89A-46AF-92E4-3CF3A78CD11E}.Release|x86.ActiveCfg = Release|Any CPU
		{3D8E3B25-F89A-46AF-92E4-3CF3A78CD11E}.Release|x86.Build.0 = Release|Any CPU
		{3D606B2F-5F99-4530-9E1D-EF34CA21DE4A}.Debug|Any CPU.ActiveCfg = Debug|Any CPU
		{3D606B2F-5F99-4530-9E1D-EF34CA21DE4A}.Debug|Any CPU.Build.0 = Debug|Any CPU
		{3D606B2F-5F99-4530-9E1D-EF34CA21DE4A}.Debug|ARM.ActiveCfg = Debug|Any CPU
		{3D606B2F-5F99-4530-9E1D-EF34CA21DE4A}.Debug|ARM.Build.0 = Debug|Any CPU
		{3D606B2F-5F99-4530-9E1D-EF34CA21DE4A}.Debug|x64.ActiveCfg = Debug|Any CPU
		{3D606B2F-5F99-4530-9E1D-EF34CA21DE4A}.Debug|x64.Build.0 = Debug|Any CPU
		{3D606B2F-5F99-4530-9E1D-EF34CA21DE4A}.Debug|x86.ActiveCfg = Debug|Any CPU
		{3D606B2F-5F99-4530-9E1D-EF34CA21DE4A}.Debug|x86.Build.0 = Debug|Any CPU
		{3D606B2F-5F99-4530-9E1D-EF34CA21DE4A}.Release|Any CPU.ActiveCfg = Release|Any CPU
		{3D606B2F-5F99-4530-9E1D-EF34CA21DE4A}.Release|Any CPU.Build.0 = Release|Any CPU
		{3D606B2F-5F99-4530-9E1D-EF34CA21DE4A}.Release|ARM.ActiveCfg = Release|Any CPU
		{3D606B2F-5F99-4530-9E1D-EF34CA21DE4A}.Release|ARM.Build.0 = Release|Any CPU
		{3D606B2F-5F99-4530-9E1D-EF34CA21DE4A}.Release|x64.ActiveCfg = Release|Any CPU
		{3D606B2F-5F99-4530-9E1D-EF34CA21DE4A}.Release|x64.Build.0 = Release|Any CPU
		{3D606B2F-5F99-4530-9E1D-EF34CA21DE4A}.Release|x86.ActiveCfg = Release|Any CPU
		{3D606B2F-5F99-4530-9E1D-EF34CA21DE4A}.Release|x86.Build.0 = Release|Any CPU
		{395AF356-5637-43E2-A59F-E3E29E05D042}.Debug|Any CPU.ActiveCfg = Debug|Any CPU
		{395AF356-5637-43E2-A59F-E3E29E05D042}.Debug|Any CPU.Build.0 = Debug|Any CPU
		{395AF356-5637-43E2-A59F-E3E29E05D042}.Debug|ARM.ActiveCfg = Debug|Any CPU
		{395AF356-5637-43E2-A59F-E3E29E05D042}.Debug|ARM.Build.0 = Debug|Any CPU
		{395AF356-5637-43E2-A59F-E3E29E05D042}.Debug|x64.ActiveCfg = Debug|Any CPU
		{395AF356-5637-43E2-A59F-E3E29E05D042}.Debug|x64.Build.0 = Debug|Any CPU
		{395AF356-5637-43E2-A59F-E3E29E05D042}.Debug|x86.ActiveCfg = Debug|Any CPU
		{395AF356-5637-43E2-A59F-E3E29E05D042}.Debug|x86.Build.0 = Debug|Any CPU
		{395AF356-5637-43E2-A59F-E3E29E05D042}.Release|Any CPU.ActiveCfg = Release|Any CPU
		{395AF356-5637-43E2-A59F-E3E29E05D042}.Release|Any CPU.Build.0 = Release|Any CPU
		{395AF356-5637-43E2-A59F-E3E29E05D042}.Release|ARM.ActiveCfg = Release|Any CPU
		{395AF356-5637-43E2-A59F-E3E29E05D042}.Release|ARM.Build.0 = Release|Any CPU
		{395AF356-5637-43E2-A59F-E3E29E05D042}.Release|x64.ActiveCfg = Release|Any CPU
		{395AF356-5637-43E2-A59F-E3E29E05D042}.Release|x64.Build.0 = Release|Any CPU
		{395AF356-5637-43E2-A59F-E3E29E05D042}.Release|x86.ActiveCfg = Release|Any CPU
		{395AF356-5637-43E2-A59F-E3E29E05D042}.Release|x86.Build.0 = Release|Any CPU
	EndGlobalSection
	GlobalSection(SolutionProperties) = preSolution
		HideSolutionNode = FALSE
	EndGlobalSection
	GlobalSection(ExtensibilityGlobals) = postSolution
		SolutionGuid = {44C98CB6-04C4-4A62-B9D2-142223923905}
	EndGlobalSection
EndGlobal
